// !$*UTF8*$!
{
	archiveVersion = 1;
	classes = {
	};
	objectVersion = 54;
	objects = {

/* Begin PBXBuildFile section */
		E42E56CA26C4A57800457936 /* ShapeTestInstructionsPromptInterfaceController.swift in Sources */ = {isa = PBXBuildFile; fileRef = E42E56C926C4A57800457936 /* ShapeTestInstructionsPromptInterfaceController.swift */; };
		E4435F6826BE032300BFC083 /* ShapeTestPromptInterfaceController.swift in Sources */ = {isa = PBXBuildFile; fileRef = E4435F6726BE032300BFC083 /* ShapeTestPromptInterfaceController.swift */; };
		E4E400DF2C9CFE99009CF0C1 /* DataStructs.swift in Sources */ = {isa = PBXBuildFile; fileRef = E4E400DE2C9CFE99009CF0C1 /* DataStructs.swift */; };
		E4E400E12C9D0112009CF0C1 /* ShapeTestResultStorage.swift in Sources */ = {isa = PBXBuildFile; fileRef = E4E400E02C9D0112009CF0C1 /* ShapeTestResultStorage.swift */; };
		E4E400E32C9D05AB009CF0C1 /* ResultsListInterfaceController.swift in Sources */ = {isa = PBXBuildFile; fileRef = E4E400E22C9D05AB009CF0C1 /* ResultsListInterfaceController.swift */; };
		E4E400E52C9D0BC9009CF0C1 /* TestResultInterfaceController.swift in Sources */ = {isa = PBXBuildFile; fileRef = E4E400E42C9D0BC9009CF0C1 /* TestResultInterfaceController.swift */; };
		E4F255042294ABE900834E6A /* Interface.storyboard in Resources */ = {isa = PBXBuildFile; fileRef = E4F255022294ABE900834E6A /* Interface.storyboard */; };
		E4F255062294ABEA00834E6A /* Assets.xcassets in Resources */ = {isa = PBXBuildFile; fileRef = E4F255052294ABEA00834E6A /* Assets.xcassets */; };
		E4F2550D2294ABEA00834E6A /* ShapeTestDemo WatchKit Extension.appex in Embed Foundation Extensions */ = {isa = PBXBuildFile; fileRef = E4F2550C2294ABEA00834E6A /* ShapeTestDemo WatchKit Extension.appex */; settings = {ATTRIBUTES = (RemoveHeadersOnCopy, ); }; };
		E4F255122294ABEA00834E6A /* InterfaceController.swift in Sources */ = {isa = PBXBuildFile; fileRef = E4F255112294ABEA00834E6A /* InterfaceController.swift */; };
		E4F255142294ABEA00834E6A /* ExtensionDelegate.swift in Sources */ = {isa = PBXBuildFile; fileRef = E4F255132294ABEA00834E6A /* ExtensionDelegate.swift */; };
/* End PBXBuildFile section */

/* Begin PBXContainerItemProxy section */
		E4F2550E2294ABEA00834E6A /* PBXContainerItemProxy */ = {
			isa = PBXContainerItemProxy;
			containerPortal = E4F254CD2294ABE700834E6A /* Project object */;
			proxyType = 1;
			remoteGlobalIDString = E4F2550B2294ABEA00834E6A;
			remoteInfo = "ShapeTestDemo WatchKit Extension";
		};
/* End PBXContainerItemProxy section */

/* Begin PBXCopyFilesBuildPhase section */
		E4F255202294ABEB00834E6A /* Embed Foundation Extensions */ = {
			isa = PBXCopyFilesBuildPhase;
			buildActionMask = 2147483647;
			dstPath = "";
			dstSubfolderSpec = 13;
			files = (
				E4F2550D2294ABEA00834E6A /* ShapeTestDemo WatchKit Extension.appex in Embed Foundation Extensions */,
			);
			name = "Embed Foundation Extensions";
			runOnlyForDeploymentPostprocessing = 0;
		};
/* End PBXCopyFilesBuildPhase section */

/* Begin PBXFileReference section */
		E42E56C926C4A57800457936 /* ShapeTestInstructionsPromptInterfaceController.swift */ = {isa = PBXFileReference; lastKnownFileType = sourcecode.swift; path = ShapeTestInstructionsPromptInterfaceController.swift; sourceTree = "<group>"; };
		E4435F6726BE032300BFC083 /* ShapeTestPromptInterfaceController.swift */ = {isa = PBXFileReference; lastKnownFileType = sourcecode.swift; path = ShapeTestPromptInterfaceController.swift; sourceTree = "<group>"; };
		E4C918F6229DDD21009258D9 /* ShapeTestDemo WatchKit Extension.entitlements */ = {isa = PBXFileReference; lastKnownFileType = text.plist.entitlements; path = "ShapeTestDemo WatchKit Extension.entitlements"; sourceTree = "<group>"; };
		E4E400DE2C9CFE99009CF0C1 /* DataStructs.swift */ = {isa = PBXFileReference; lastKnownFileType = sourcecode.swift; path = DataStructs.swift; sourceTree = "<group>"; };
		E4E400E02C9D0112009CF0C1 /* ShapeTestResultStorage.swift */ = {isa = PBXFileReference; lastKnownFileType = sourcecode.swift; path = ShapeTestResultStorage.swift; sourceTree = "<group>"; };
		E4E400E22C9D05AB009CF0C1 /* ResultsListInterfaceController.swift */ = {isa = PBXFileReference; lastKnownFileType = sourcecode.swift; path = ResultsListInterfaceController.swift; sourceTree = "<group>"; };
		E4E400E42C9D0BC9009CF0C1 /* TestResultInterfaceController.swift */ = {isa = PBXFileReference; lastKnownFileType = sourcecode.swift; path = TestResultInterfaceController.swift; sourceTree = "<group>"; };
		E4F254FD2294ABE900834E6A /* ShapeTestDemo WatchKit App.app */ = {isa = PBXFileReference; explicitFileType = wrapper.application; includeInIndex = 0; path = "ShapeTestDemo WatchKit App.app"; sourceTree = BUILT_PRODUCTS_DIR; };
		E4F255032294ABE900834E6A /* Base */ = {isa = PBXFileReference; lastKnownFileType = file.storyboard; name = Base; path = Base.lproj/Interface.storyboard; sourceTree = "<group>"; };
		E4F255052294ABEA00834E6A /* Assets.xcassets */ = {isa = PBXFileReference; lastKnownFileType = folder.assetcatalog; path = Assets.xcassets; sourceTree = "<group>"; };
		E4F255072294ABEA00834E6A /* Info.plist */ = {isa = PBXFileReference; lastKnownFileType = text.plist.xml; path = Info.plist; sourceTree = "<group>"; };
		E4F2550C2294ABEA00834E6A /* ShapeTestDemo WatchKit Extension.appex */ = {isa = PBXFileReference; explicitFileType = "wrapper.app-extension"; includeInIndex = 0; path = "ShapeTestDemo WatchKit Extension.appex"; sourceTree = BUILT_PRODUCTS_DIR; };
		E4F255112294ABEA00834E6A /* InterfaceController.swift */ = {isa = PBXFileReference; lastKnownFileType = sourcecode.swift; path = InterfaceController.swift; sourceTree = "<group>"; };
		E4F255132294ABEA00834E6A /* ExtensionDelegate.swift */ = {isa = PBXFileReference; lastKnownFileType = sourcecode.swift; path = ExtensionDelegate.swift; sourceTree = "<group>"; };
		E4F255192294ABEB00834E6A /* Info.plist */ = {isa = PBXFileReference; lastKnownFileType = text.plist.xml; path = Info.plist; sourceTree = "<group>"; };
/* End PBXFileReference section */

/* Begin PBXFrameworksBuildPhase section */
		E4F255092294ABEA00834E6A /* Frameworks */ = {
			isa = PBXFrameworksBuildPhase;
			buildActionMask = 2147483647;
			files = (
			);
			runOnlyForDeploymentPostprocessing = 0;
		};
/* End PBXFrameworksBuildPhase section */

/* Begin PBXGroup section */
		E44DFF3C22A8DD2700B370CD /* InterfaceControllers */ = {
			isa = PBXGroup;
			children = (
				E42E56C926C4A57800457936 /* ShapeTestInstructionsPromptInterfaceController.swift */,
				E4435F6726BE032300BFC083 /* ShapeTestPromptInterfaceController.swift */,
				E4E400E22C9D05AB009CF0C1 /* ResultsListInterfaceController.swift */,
				E4E400E42C9D0BC9009CF0C1 /* TestResultInterfaceController.swift */,
			);
			path = InterfaceControllers;
			sourceTree = "<group>";
		};
		E4E400DD2C9CFE89009CF0C1 /* Other */ = {
			isa = PBXGroup;
			children = (
				E4E400DE2C9CFE99009CF0C1 /* DataStructs.swift */,
				E4E400E02C9D0112009CF0C1 /* ShapeTestResultStorage.swift */,
			);
			path = Other;
			sourceTree = "<group>";
		};
		E4F254CC2294ABE700834E6A = {
			isa = PBXGroup;
			children = (
				E4F255012294ABE900834E6A /* ShapeTestDemo WatchKit App */,
				E4F255102294ABEA00834E6A /* ShapeTestDemo WatchKit Extension */,
				E4F254D62294ABE700834E6A /* Products */,
			);
			sourceTree = "<group>";
		};
		E4F254D62294ABE700834E6A /* Products */ = {
			isa = PBXGroup;
			children = (
				E4F254FD2294ABE900834E6A /* ShapeTestDemo WatchKit App.app */,
				E4F2550C2294ABEA00834E6A /* ShapeTestDemo WatchKit Extension.appex */,
			);
			name = Products;
			sourceTree = "<group>";
		};
		E4F255012294ABE900834E6A /* ShapeTestDemo WatchKit App */ = {
			isa = PBXGroup;
			children = (
				E4F255022294ABE900834E6A /* Interface.storyboard */,
				E4F255052294ABEA00834E6A /* Assets.xcassets */,
				E4F255072294ABEA00834E6A /* Info.plist */,
			);
			path = "ShapeTestDemo WatchKit App";
			sourceTree = "<group>";
		};
		E4F255102294ABEA00834E6A /* ShapeTestDemo WatchKit Extension */ = {
			isa = PBXGroup;
			children = (
				E44DFF3C22A8DD2700B370CD /* InterfaceControllers */,
				E4E400DD2C9CFE89009CF0C1 /* Other */,
				E4C918F6229DDD21009258D9 /* ShapeTestDemo WatchKit Extension.entitlements */,
				E4F255112294ABEA00834E6A /* InterfaceController.swift */,
				E4F255132294ABEA00834E6A /* ExtensionDelegate.swift */,
				E4F255192294ABEB00834E6A /* Info.plist */,
			);
			path = "ShapeTestDemo WatchKit Extension";
			sourceTree = "<group>";
		};
/* End PBXGroup section */

/* Begin PBXNativeTarget section */
		E4F254FC2294ABE900834E6A /* ShapeTestDemo WatchKit App */ = {
			isa = PBXNativeTarget;
			buildConfigurationList = E4F255212294ABEB00834E6A /* Build configuration list for PBXNativeTarget "ShapeTestDemo WatchKit App" */;
			buildPhases = (
				E4F254FB2294ABE900834E6A /* Resources */,
				E4F255202294ABEB00834E6A /* Embed Foundation Extensions */,
			);
			buildRules = (
			);
			dependencies = (
				E4F2550F2294ABEA00834E6A /* PBXTargetDependency */,
			);
			name = "ShapeTestDemo WatchKit App";
			productName = "ShapeTestDemo WatchKit App";
			productReference = E4F254FD2294ABE900834E6A /* ShapeTestDemo WatchKit App.app */;
			productType = "com.apple.product-type.application.watchapp2";
		};
		E4F2550B2294ABEA00834E6A /* ShapeTestDemo WatchKit Extension */ = {
			isa = PBXNativeTarget;
			buildConfigurationList = E4F2551D2294ABEB00834E6A /* Build configuration list for PBXNativeTarget "ShapeTestDemo WatchKit Extension" */;
			buildPhases = (
				E4F255082294ABEA00834E6A /* Sources */,
				E4F255092294ABEA00834E6A /* Frameworks */,
				E4F2550A2294ABEA00834E6A /* Resources */,
			);
			buildRules = (
			);
			dependencies = (
			);
			name = "ShapeTestDemo WatchKit Extension";
			packageProductDependencies = (
			);
			productName = "ShapeTestDemo WatchKit Extension";
			productReference = E4F2550C2294ABEA00834E6A /* ShapeTestDemo WatchKit Extension.appex */;
			productType = "com.apple.product-type.watchkit2-extension";
		};
/* End PBXNativeTarget section */

/* Begin PBXProject section */
		E4F254CD2294ABE700834E6A /* Project object */ = {
			isa = PBXProject;
			attributes = {
				BuildIndependentTargetsInParallel = YES;
				LastSwiftUpdateCheck = 1140;
				LastUpgradeCheck = 1540;
				ORGANIZATIONNAME = CASAS;
				TargetAttributes = {
					E4F254FC2294ABE900834E6A = {
						CreatedOnToolsVersion = 10.2.1;
					};
					E4F2550B2294ABEA00834E6A = {
						CreatedOnToolsVersion = 10.2.1;
						SystemCapabilities = {
							com.apple.BackgroundModes.watchos.extension = {
								enabled = 1;
							};
							com.apple.HealthKit.watchos = {
								enabled = 1;
							};
						};
					};
				};
			};
			buildConfigurationList = E4F254D02294ABE700834E6A /* Build configuration list for PBXProject "ShapeTestDemo" */;
			compatibilityVersion = "Xcode 9.3";
			developmentRegion = en;
			hasScannedForEncodings = 0;
			knownRegions = (
				en,
				Base,
			);
			mainGroup = E4F254CC2294ABE700834E6A;
			packageReferences = (
			);
			productRefGroup = E4F254D62294ABE700834E6A /* Products */;
			projectDirPath = "";
			projectRoot = "";
			targets = (
				E4F254FC2294ABE900834E6A /* ShapeTestDemo WatchKit App */,
				E4F2550B2294ABEA00834E6A /* ShapeTestDemo WatchKit Extension */,
			);
		};
/* End PBXProject section */

/* Begin PBXResourcesBuildPhase section */
		E4F254FB2294ABE900834E6A /* Resources */ = {
			isa = PBXResourcesBuildPhase;
			buildActionMask = 2147483647;
			files = (
				E4F255062294ABEA00834E6A /* Assets.xcassets in Resources */,
				E4F255042294ABE900834E6A /* Interface.storyboard in Resources */,
			);
			runOnlyForDeploymentPostprocessing = 0;
		};
		E4F2550A2294ABEA00834E6A /* Resources */ = {
			isa = PBXResourcesBuildPhase;
			buildActionMask = 2147483647;
			files = (
			);
			runOnlyForDeploymentPostprocessing = 0;
		};
/* End PBXResourcesBuildPhase section */

/* Begin PBXSourcesBuildPhase section */
		E4F255082294ABEA00834E6A /* Sources */ = {
			isa = PBXSourcesBuildPhase;
			buildActionMask = 2147483647;
			files = (
				E4F255142294ABEA00834E6A /* ExtensionDelegate.swift in Sources */,
				E4E400E32C9D05AB009CF0C1 /* ResultsListInterfaceController.swift in Sources */,
				E4E400E52C9D0BC9009CF0C1 /* TestResultInterfaceController.swift in Sources */,
				E42E56CA26C4A57800457936 /* ShapeTestInstructionsPromptInterfaceController.swift in Sources */,
				E4E400E12C9D0112009CF0C1 /* ShapeTestResultStorage.swift in Sources */,
				E4E400DF2C9CFE99009CF0C1 /* DataStructs.swift in Sources */,
				E4435F6826BE032300BFC083 /* ShapeTestPromptInterfaceController.swift in Sources */,
				E4F255122294ABEA00834E6A /* InterfaceController.swift in Sources */,
			);
			runOnlyForDeploymentPostprocessing = 0;
		};
/* End PBXSourcesBuildPhase section */

/* Begin PBXTargetDependency section */
		E4F2550F2294ABEA00834E6A /* PBXTargetDependency */ = {
			isa = PBXTargetDependency;
			target = E4F2550B2294ABEA00834E6A /* ShapeTestDemo WatchKit Extension */;
			targetProxy = E4F2550E2294ABEA00834E6A /* PBXContainerItemProxy */;
		};
/* End PBXTargetDependency section */

/* Begin PBXVariantGroup section */
		E4F255022294ABE900834E6A /* Interface.storyboard */ = {
			isa = PBXVariantGroup;
			children = (
				E4F255032294ABE900834E6A /* Base */,
			);
			name = Interface.storyboard;
			sourceTree = "<group>";
		};
/* End PBXVariantGroup section */

/* Begin XCBuildConfiguration section */
		E4F2551B2294ABEB00834E6A /* Debug */ = {
			isa = XCBuildConfiguration;
			buildSettings = {
				ALWAYS_SEARCH_USER_PATHS = NO;
				ASSETCATALOG_COMPILER_GENERATE_SWIFT_ASSET_SYMBOL_EXTENSIONS = YES;
				CLANG_ANALYZER_NONNULL = YES;
				CLANG_ANALYZER_NUMBER_OBJECT_CONVERSION = YES_AGGRESSIVE;
				CLANG_CXX_LANGUAGE_STANDARD = "gnu++14";
				CLANG_CXX_LIBRARY = "libc++";
				CLANG_ENABLE_MODULES = YES;
				CLANG_ENABLE_OBJC_ARC = YES;
				CLANG_ENABLE_OBJC_WEAK = YES;
				CLANG_WARN_BLOCK_CAPTURE_AUTORELEASING = YES;
				CLANG_WARN_BOOL_CONVERSION = YES;
				CLANG_WARN_COMMA = YES;
				CLANG_WARN_CONSTANT_CONVERSION = YES;
				CLANG_WARN_DEPRECATED_OBJC_IMPLEMENTATIONS = YES;
				CLANG_WARN_DIRECT_OBJC_ISA_USAGE = YES_ERROR;
				CLANG_WARN_DOCUMENTATION_COMMENTS = YES;
				CLANG_WARN_EMPTY_BODY = YES;
				CLANG_WARN_ENUM_CONVERSION = YES;
				CLANG_WARN_INFINITE_RECURSION = YES;
				CLANG_WARN_INT_CONVERSION = YES;
				CLANG_WARN_NON_LITERAL_NULL_CONVERSION = YES;
				CLANG_WARN_OBJC_IMPLICIT_RETAIN_SELF = YES;
				CLANG_WARN_OBJC_LITERAL_CONVERSION = YES;
				CLANG_WARN_OBJC_ROOT_CLASS = YES_ERROR;
				CLANG_WARN_QUOTED_INCLUDE_IN_FRAMEWORK_HEADER = YES;
				CLANG_WARN_RANGE_LOOP_ANALYSIS = YES;
				CLANG_WARN_STRICT_PROTOTYPES = YES;
				CLANG_WARN_SUSPICIOUS_MOVE = YES;
				CLANG_WARN_UNGUARDED_AVAILABILITY = YES_AGGRESSIVE;
				CLANG_WARN_UNREACHABLE_CODE = YES;
				CLANG_WARN__DUPLICATE_METHOD_MATCH = YES;
				CODE_SIGN_IDENTITY = "iPhone Developer";
				COPY_PHASE_STRIP = NO;
				DEBUG_INFORMATION_FORMAT = dwarf;
				ENABLE_STRICT_OBJC_MSGSEND = YES;
				ENABLE_TESTABILITY = YES;
				ENABLE_USER_SCRIPT_SANDBOXING = YES;
				GCC_C_LANGUAGE_STANDARD = gnu11;
				GCC_DYNAMIC_NO_PIC = NO;
				GCC_NO_COMMON_BLOCKS = YES;
				GCC_OPTIMIZATION_LEVEL = 0;
				GCC_PREPROCESSOR_DEFINITIONS = (
					"DEBUG=1",
					"$(inherited)",
				);
				GCC_WARN_64_TO_32_BIT_CONVERSION = YES;
				GCC_WARN_ABOUT_RETURN_TYPE = YES_ERROR;
				GCC_WARN_UNDECLARED_SELECTOR = YES;
				GCC_WARN_UNINITIALIZED_AUTOS = YES_AGGRESSIVE;
				GCC_WARN_UNUSED_FUNCTION = YES;
				GCC_WARN_UNUSED_VARIABLE = YES;
				IPHONEOS_DEPLOYMENT_TARGET = 12.2;
				MTL_ENABLE_DEBUG_INFO = INCLUDE_SOURCE;
				MTL_FAST_MATH = YES;
				ONLY_ACTIVE_ARCH = YES;
				SDKROOT = iphoneos;
				SWIFT_ACTIVE_COMPILATION_CONDITIONS = DEBUG;
				SWIFT_OPTIMIZATION_LEVEL = "-Onone";
			};
			name = Debug;
		};
		E4F2551C2294ABEB00834E6A /* Release */ = {
			isa = XCBuildConfiguration;
			buildSettings = {
				ALWAYS_SEARCH_USER_PATHS = NO;
				ASSETCATALOG_COMPILER_GENERATE_SWIFT_ASSET_SYMBOL_EXTENSIONS = YES;
				CLANG_ANALYZER_NONNULL = YES;
				CLANG_ANALYZER_NUMBER_OBJECT_CONVERSION = YES_AGGRESSIVE;
				CLANG_CXX_LANGUAGE_STANDARD = "gnu++14";
				CLANG_CXX_LIBRARY = "libc++";
				CLANG_ENABLE_MODULES = YES;
				CLANG_ENABLE_OBJC_ARC = YES;
				CLANG_ENABLE_OBJC_WEAK = YES;
				CLANG_WARN_BLOCK_CAPTURE_AUTORELEASING = YES;
				CLANG_WARN_BOOL_CONVERSION = YES;
				CLANG_WARN_COMMA = YES;
				CLANG_WARN_CONSTANT_CONVERSION = YES;
				CLANG_WARN_DEPRECATED_OBJC_IMPLEMENTATIONS = YES;
				CLANG_WARN_DIRECT_OBJC_ISA_USAGE = YES_ERROR;
				CLANG_WARN_DOCUMENTATION_COMMENTS = YES;
				CLANG_WARN_EMPTY_BODY = YES;
				CLANG_WARN_ENUM_CONVERSION = YES;
				CLANG_WARN_INFINITE_RECURSION = YES;
				CLANG_WARN_INT_CONVERSION = YES;
				CLANG_WARN_NON_LITERAL_NULL_CONVERSION = YES;
				CLANG_WARN_OBJC_IMPLICIT_RETAIN_SELF = YES;
				CLANG_WARN_OBJC_LITERAL_CONVERSION = YES;
				CLANG_WARN_OBJC_ROOT_CLASS = YES_ERROR;
				CLANG_WARN_QUOTED_INCLUDE_IN_FRAMEWORK_HEADER = YES;
				CLANG_WARN_RANGE_LOOP_ANALYSIS = YES;
				CLANG_WARN_STRICT_PROTOTYPES = YES;
				CLANG_WARN_SUSPICIOUS_MOVE = YES;
				CLANG_WARN_UNGUARDED_AVAILABILITY = YES_AGGRESSIVE;
				CLANG_WARN_UNREACHABLE_CODE = YES;
				CLANG_WARN__DUPLICATE_METHOD_MATCH = YES;
				CODE_SIGN_IDENTITY = "iPhone Developer";
				COPY_PHASE_STRIP = NO;
				DEBUG_INFORMATION_FORMAT = "dwarf-with-dsym";
				ENABLE_NS_ASSERTIONS = NO;
				ENABLE_STRICT_OBJC_MSGSEND = YES;
				ENABLE_USER_SCRIPT_SANDBOXING = YES;
				GCC_C_LANGUAGE_STANDARD = gnu11;
				GCC_NO_COMMON_BLOCKS = YES;
				GCC_WARN_64_TO_32_BIT_CONVERSION = YES;
				GCC_WARN_ABOUT_RETURN_TYPE = YES_ERROR;
				GCC_WARN_UNDECLARED_SELECTOR = YES;
				GCC_WARN_UNINITIALIZED_AUTOS = YES_AGGRESSIVE;
				GCC_WARN_UNUSED_FUNCTION = YES;
				GCC_WARN_UNUSED_VARIABLE = YES;
				IPHONEOS_DEPLOYMENT_TARGET = 12.2;
				MTL_ENABLE_DEBUG_INFO = NO;
				MTL_FAST_MATH = YES;
				SDKROOT = iphoneos;
				SWIFT_COMPILATION_MODE = wholemodule;
				SWIFT_OPTIMIZATION_LEVEL = "-O";
				VALIDATE_PRODUCT = YES;
			};
			name = Release;
		};
		E4F2551E2294ABEB00834E6A /* Debug */ = {
			isa = XCBuildConfiguration;
			buildSettings = {
				ASSETCATALOG_COMPILER_COMPLICATION_NAME = Complication;
				CODE_SIGN_ENTITLEMENTS = "ShapeTestDemo WatchKit Extension/ShapeTestDemo WatchKit Extension.entitlements";
				CODE_SIGN_STYLE = Automatic;
				CURRENT_PROJECT_VERSION = 1;
				DEVELOPMENT_TEAM = "";
				FRAMEWORK_SEARCH_PATHS = "$(inherited)";
				INFOPLIST_FILE = "ShapeTestDemo WatchKit Extension/Info.plist";
				LD_RUNPATH_SEARCH_PATHS = (
					"$(inherited)",
					"@executable_path/Frameworks",
					"@executable_path/../../Frameworks",
				);
				MARKETING_VERSION = 1.0;
				PRODUCT_BUNDLE_IDENTIFIER = edu.wsu.casas.ShapeTestDemo.watchkitapp.watchkitextension;
				PRODUCT_NAME = "${TARGET_NAME}";
				SDKROOT = watchos;
				SKIP_INSTALL = YES;
				SWIFT_VERSION = 5.0;
				TARGETED_DEVICE_FAMILY = 4;
				WATCHOS_DEPLOYMENT_TARGET = 9.0;
			};
			name = Debug;
		};
		E4F2551F2294ABEB00834E6A /* Release */ = {
			isa = XCBuildConfiguration;
			buildSettings = {
				ASSETCATALOG_COMPILER_COMPLICATION_NAME = Complication;
				CODE_SIGN_ENTITLEMENTS = "ShapeTestDemo WatchKit Extension/ShapeTestDemo WatchKit Extension.entitlements";
				CODE_SIGN_IDENTITY = "Apple Development";
				CODE_SIGN_STYLE = Automatic;
				CURRENT_PROJECT_VERSION = 1;
				DEVELOPMENT_TEAM = "";
				FRAMEWORK_SEARCH_PATHS = "$(inherited)";
				INFOPLIST_FILE = "ShapeTestDemo WatchKit Extension/Info.plist";
				LD_RUNPATH_SEARCH_PATHS = (
					"$(inherited)",
					"@executable_path/Frameworks",
					"@executable_path/../../Frameworks",
				);
				MARKETING_VERSION = 1.0;
				PRODUCT_BUNDLE_IDENTIFIER = edu.wsu.casas.ShapeTestDemo.watchkitapp.watchkitextension;
				PRODUCT_NAME = "${TARGET_NAME}";
				PROVISIONING_PROFILE_SPECIFIER = "";
				SDKROOT = watchos;
				SKIP_INSTALL = YES;
				SWIFT_VERSION = 5.0;
				TARGETED_DEVICE_FAMILY = 4;
				WATCHOS_DEPLOYMENT_TARGET = 9.0;
			};
			name = Release;
		};
		E4F255222294ABEB00834E6A /* Debug */ = {
			isa = XCBuildConfiguration;
			buildSettings = {
				ALWAYS_EMBED_SWIFT_STANDARD_LIBRARIES = YES;
				ASSETCATALOG_COMPILER_APPICON_NAME = AppIcon;
				CODE_SIGN_IDENTITY = "Apple Development";
				CODE_SIGN_STYLE = Automatic;
				CURRENT_PROJECT_VERSION = 1;
				DEVELOPMENT_TEAM = "";
				IBSC_MODULE = ShapeTestDemo_WatchKit_Extension;
				INFOPLIST_FILE = "ShapeTestDemo WatchKit App/Info.plist";
				MARKETING_VERSION = 1.0;
				PRODUCT_BUNDLE_IDENTIFIER = edu.wsu.casas.ShapeTestDemo.watchkitapp;
				PRODUCT_NAME = "$(TARGET_NAME)";
				PROVISIONING_PROFILE_SPECIFIER = "";
				SDKROOT = watchos;
				SKIP_INSTALL = YES;
				SWIFT_VERSION = 5.0;
				TARGETED_DEVICE_FAMILY = 4;
				WATCHOS_DEPLOYMENT_TARGET = 9.0;
			};
			name = Debug;
		};
		E4F255232294ABEB00834E6A /* Release */ = {
			isa = XCBuildConfiguration;
			buildSettings = {
				ALWAYS_EMBED_SWIFT_STANDARD_LIBRARIES = YES;
				ASSETCATALOG_COMPILER_APPICON_NAME = AppIcon;
				CODE_SIGN_IDENTITY = "Apple Development";
				CODE_SIGN_STYLE = Automatic;
				CURRENT_PROJECT_VERSION = 1;
				DEVELOPMENT_TEAM = "";
				IBSC_MODULE = ShapeTestDemo_WatchKit_Extension;
				INFOPLIST_FILE = "ShapeTestDemo WatchKit App/Info.plist";
				MARKETING_VERSION = 1.0;
				PRODUCT_BUNDLE_IDENTIFIER = edu.wsu.casas.ShapeTestDemo.watchkitapp;
				PRODUCT_NAME = "$(TARGET_NAME)";
				PROVISIONING_PROFILE_SPECIFIER = "";
				SDKROOT = watchos;
				SKIP_INSTALL = YES;
				SWIFT_VERSION = 5.0;
				TARGETED_DEVICE_FAMILY = 4;
				WATCHOS_DEPLOYMENT_TARGET = 9.0;
			};
			name = Release;
		};
/* End XCBuildConfiguration section */

/* Begin XCConfigurationList section */
		E4F254D02294ABE700834E6A /* Build configuration list for PBXProject "ShapeTestDemo" */ = {
			isa = XCConfigurationList;
			buildConfigurations = (
				E4F2551B2294ABEB00834E6A /* Debug */,
				E4F2551C2294ABEB00834E6A /* Release */,
			);
			defaultConfigurationIsVisible = 0;
			defaultConfigurationName = Release;
		};
		E4F2551D2294ABEB00834E6A /* Build configuration list for PBXNativeTarget "ShapeTestDemo WatchKit Extension" */ = {
			isa = XCConfigurationList;
			buildConfigurations = (
				E4F2551E2294ABEB00834E6A /* Debug */,
				E4F2551F2294ABEB00834E6A /* Release */,
			);
			defaultConfigurationIsVisible = 0;
			defaultConfigurationName = Release;
		};
		E4F255212294ABEB00834E6A /* Build configuration list for PBXNativeTarget "ShapeTestDemo WatchKit App" */ = {
			isa = XCConfigurationList;
			buildConfigurations = (
				E4F255222294ABEB00834E6A /* Debug */,
				E4F255232294ABEB00834E6A /* Release */,
			);
			defaultConfigurationIsVisible = 0;
			defaultConfigurationName = Release;
		};
/* End XCConfigurationList section */
	};
	rootObject = E4F254CD2294ABE700834E6A /* Project object */;
}
